
Microsoft Visual Studio Solution File, Format Version 12.00
# Visual Studio Version 17
VisualStudioVersion = 17.5.002.0
MinimumVisualStudioVersion = 10.0.40219.1
Project("{9A19103F-16F7-4668-BE54-9A1E7A4F7556}") = "EmpleadosBackend", "EmpleadosBackend\EmpleadosBackend.csproj", "{62794410-F2C1-49D6-87C9-30D59DF5F157}"
EndProject
Global
	GlobalSection(SolutionConfigurationPlatforms) = preSolution
		Debug|Any CPU = Debug|Any CPU
		Release|Any CPU = Release|Any CPU
	EndGlobalSection
	GlobalSection(ProjectConfigurationPlatforms) = postSolution
		{62794410-F2C1-49D6-87C9-30D59DF5F157}.Debug|Any CPU.ActiveCfg = Debug|Any CPU
		{62794410-F2C1-49D6-87C9-30D59DF5F157}.Debug|Any CPU.Build.0 = Debug|Any CPU
		{62794410-F2C1-49D6-87C9-30D59DF5F157}.Release|Any CPU.ActiveCfg = Release|Any CPU
		{62794410-F2C1-49D6-87C9-30D59DF5F157}.Release|Any CPU.Build.0 = Release|Any CPU
	EndGlobalSection
	GlobalSection(SolutionProperties) = preSolution
		HideSolutionNode = FALSE
	EndGlobalSection
	GlobalSection(ExtensibilityGlobals) = postSolution
		SolutionGuid = {60695828-5462-41E3-9067-AD220F00FC28}
	EndGlobalSection
EndGlobal
